
Microsoft Visual Studio Solution File, Format Version 12.00
# Visual Studio Version 17
VisualStudioVersion = 17.9.34723.18
MinimumVisualStudioVersion = 10.0.40219.1
Project("{FAE04EC0-301F-11D3-BF4B-00C04F79EFBC}") = "DotNetReact", "DotNetReact.csproj", "{0AF370F5-469C-42F5-BC6A-2C3380CB070E}"
EndProject
Global
	GlobalSection(SolutionConfigurationPlatforms) = preSolution
		Debug|Any CPU = Debug|Any CPU
		Release|Any CPU = Release|Any CPU
	EndGlobalSection
	GlobalSection(ProjectConfigurationPlatforms) = postSolution
		{0AF370F5-469C-42F5-BC6A-2C3380CB070E}.Debug|Any CPU.ActiveCfg = Debug|Any CPU
		{0AF370F5-469C-42F5-BC6A-2C3380CB070E}.Debug|Any CPU.Build.0 = Debug|Any CPU
		{0AF370F5-469C-42F5-BC6A-2C3380CB070E}.Release|Any CPU.ActiveCfg = Release|Any CPU
		{0AF370F5-469C-42F5-BC6A-2C3380CB070E}.Release|Any CPU.Build.0 = Release|Any CPU
	EndGlobalSection
	GlobalSection(SolutionProperties) = preSolution
		HideSolutionNode = FALSE
	EndGlobalSection
	GlobalSection(ExtensibilityGlobals) = postSolution
		SolutionGuid = {FA0D85A8-FE30-4CDF-8637-CBBD9CDAA436}
	EndGlobalSection
EndGlobal
